
Microsoft Visual Studio Solution File, Format Version 12.00
# Visual Studio Version 17
VisualStudioVersion = 17.0.31903.59
MinimumVisualStudioVersion = 10.0.40219.1
Project("{2150E333-8FDC-42A3-9474-1A3956D46DE8}") = "deployment", "deployment", "{6C006CB7-35E8-4565-8BD8-3801F46772B6}"
EndProject
Project("{2150E333-8FDC-42A3-9474-1A3956D46DE8}") = "src", "src", "{C0D3338D-CA72-4244-A639-BC090CEA0D8B}"
EndProject
Project("{2150E333-8FDC-42A3-9474-1A3956D46DE8}") = "tests", "tests", "{E3CB1EB1-9705-4593-8A7D-61E55FC194A3}"
EndProject
Project("{2150E333-8FDC-42A3-9474-1A3956D46DE8}") = "orders", "orders", "{33AFBFD7-EE30-411E-870D-AFD424A1428C}"
EndProject
Project("{2150E333-8FDC-42A3-9474-1A3956D46DE8}") = "catalogs", "catalogs", "{49A66A73-5A0F-4902-AFE2-F22CB1C90995}"
EndProject
Project("{2150E333-8FDC-42A3-9474-1A3956D46DE8}") = "discounts", "discounts", "{202526D1-77E9-43BB-93E2-012967615043}"
EndProject
Project("{2150E333-8FDC-42A3-9474-1A3956D46DE8}") = "shoppingcards", "shoppingcards", "{BEC8C9B5-48C7-4689-84EA-9670C1BC1F6D}"
EndProject
Project("{FAE04EC0-301F-11D3-BF4B-00C04F79EFBC}") = "Catalog.API", "src\Calatog\Catalog.API\Catalog.API.csproj", "{529A794B-E30E-47D7-A5D7-2A7255C27867}"
EndProject
Project("{FAE04EC0-301F-11D3-BF4B-00C04F79EFBC}") = "Catalog.Domain", "src\Calatog\Catalog.Domain\Catalog.Domain.csproj", "{F8ADA69C-6DE8-4590-B666-76E220AF3757}"
EndProject
Project("{FAE04EC0-301F-11D3-BF4B-00C04F79EFBC}") = "Catalog.Application", "src\Calatog\Catalog.Application\Catalog.Application.csproj", "{5ABEE781-9F64-4E65-B870-8265A85AB329}"
EndProject
Project("{FAE04EC0-301F-11D3-BF4B-00C04F79EFBC}") = "Catalog.Infrastructure", "src\Calatog\Catalog.Infrastructure\Catalog.Infrastructure.csproj", "{AC6A9CFE-8DBE-4F75-9364-055103751B38}"
EndProject
Project("{FAE04EC0-301F-11D3-BF4B-00C04F79EFBC}") = "Discount.API", "src\Discount\Discount.API\Discount.API.csproj", "{941B86A6-08EE-4821-8C2A-0FBBFF8555AE}"
EndProject
Project("{FAE04EC0-301F-11D3-BF4B-00C04F79EFBC}") = "Discount.Domain", "src\Discount\Discount.Domain\Discount.Domain.csproj", "{86842595-E7E1-4091-8F9B-FA3F4E926332}"
EndProject
Project("{FAE04EC0-301F-11D3-BF4B-00C04F79EFBC}") = "Discount.Application", "src\Discount\Discount.Application\Discount.Application.csproj", "{B084F5C1-CA9D-4062-B3A9-6207DA88A64A}"
EndProject
Project("{FAE04EC0-301F-11D3-BF4B-00C04F79EFBC}") = "Discount.Infrastructure", "src\Discount\Discount.Infrastructure\Discount.Infrastructure.csproj", "{ECDA8F1D-1E9D-4F52-870E-9029ED7F3038}"
EndProject
Project("{FAE04EC0-301F-11D3-BF4B-00C04F79EFBC}") = "Orders.API", "src\Ordering\Orders.API\Orders.API.csproj", "{6D35C9BE-2F37-4575-81FF-0231FAF3D498}"
EndProject
Project("{FAE04EC0-301F-11D3-BF4B-00C04F79EFBC}") = "Orders.Domain", "src\Ordering\Orders.Domain\Orders.Domain.csproj", "{5C7677C1-05C8-43A2-A203-BF3C017968CE}"
EndProject
Project("{FAE04EC0-301F-11D3-BF4B-00C04F79EFBC}") = "Orders.Application", "src\Ordering\Orders.Application\Orders.Application.csproj", "{71D5B5C2-7D41-404A-B92D-5D15DF135D90}"
EndProject
Project("{FAE04EC0-301F-11D3-BF4B-00C04F79EFBC}") = "Orders.Infrastructure", "src\Ordering\Orders.Infrastructure\Orders.Infrastructure.csproj", "{2E41E6F8-CCFD-4D53-B97A-F2B14355E4F3}"
EndProject
Project("{FAE04EC0-301F-11D3-BF4B-00C04F79EFBC}") = "ShoppingCard.API", "src\ShoppingCard\ShoppingCard.API\ShoppingCard.API.csproj", "{15967F15-7116-43F3-AA24-7AEA1BBED31D}"
EndProject
Project("{FAE04EC0-301F-11D3-BF4B-00C04F79EFBC}") = "ShoppingCard.Domain", "src\ShoppingCard\ShoppingCard.Domain\ShoppingCard.Domain.csproj", "{EF5C8C6A-48FE-4DB1-A87D-12BA2C3F742A}"
EndProject
Project("{FAE04EC0-301F-11D3-BF4B-00C04F79EFBC}") = "ShoppingCard.Application", "src\ShoppingCard\ShoppingCard.Application\ShoppingCard.Application.csproj", "{E814ED8E-D9EA-4165-B9E0-C317880F2B02}"
EndProject
Project("{FAE04EC0-301F-11D3-BF4B-00C04F79EFBC}") = "ShoppingCard.Infrastructure", "src\ShoppingCard\ShoppingCard.Infrastructure\ShoppingCard.Infrastructure.csproj", "{7634DB99-A576-4BCE-AE59-036AD2356693}"
EndProject
Global
	GlobalSection(SolutionConfigurationPlatforms) = preSolution
		Debug|Any CPU = Debug|Any CPU
		Release|Any CPU = Release|Any CPU
	EndGlobalSection
	GlobalSection(ProjectConfigurationPlatforms) = postSolution
		{529A794B-E30E-47D7-A5D7-2A7255C27867}.Debug|Any CPU.ActiveCfg = Debug|Any CPU
		{529A794B-E30E-47D7-A5D7-2A7255C27867}.Debug|Any CPU.Build.0 = Debug|Any CPU
		{529A794B-E30E-47D7-A5D7-2A7255C27867}.Release|Any CPU.ActiveCfg = Release|Any CPU
		{529A794B-E30E-47D7-A5D7-2A7255C27867}.Release|Any CPU.Build.0 = Release|Any CPU
		{F8ADA69C-6DE8-4590-B666-76E220AF3757}.Debug|Any CPU.ActiveCfg = Debug|Any CPU
		{F8ADA69C-6DE8-4590-B666-76E220AF3757}.Debug|Any CPU.Build.0 = Debug|Any CPU
		{F8ADA69C-6DE8-4590-B666-76E220AF3757}.Release|Any CPU.ActiveCfg = Release|Any CPU
		{F8ADA69C-6DE8-4590-B666-76E220AF3757}.Release|Any CPU.Build.0 = Release|Any CPU
		{5ABEE781-9F64-4E65-B870-8265A85AB329}.Debug|Any CPU.ActiveCfg = Debug|Any CPU
		{5ABEE781-9F64-4E65-B870-8265A85AB329}.Debug|Any CPU.Build.0 = Debug|Any CPU
		{5ABEE781-9F64-4E65-B870-8265A85AB329}.Release|Any CPU.ActiveCfg = Release|Any CPU
		{5ABEE781-9F64-4E65-B870-8265A85AB329}.Release|Any CPU.Build.0 = Release|Any CPU
		{AC6A9CFE-8DBE-4F75-9364-055103751B38}.Debug|Any CPU.ActiveCfg = Debug|Any CPU
		{AC6A9CFE-8DBE-4F75-9364-055103751B38}.Debug|Any CPU.Build.0 = Debug|Any CPU
		{AC6A9CFE-8DBE-4F75-9364-055103751B38}.Release|Any CPU.ActiveCfg = Release|Any CPU
		{AC6A9CFE-8DBE-4F75-9364-055103751B38}.Release|Any CPU.Build.0 = Release|Any CPU
		{941B86A6-08EE-4821-8C2A-0FBBFF8555AE}.Debug|Any CPU.ActiveCfg = Debug|Any CPU
		{941B86A6-08EE-4821-8C2A-0FBBFF8555AE}.Debug|Any CPU.Build.0 = Debug|Any CPU
		{941B86A6-08EE-4821-8C2A-0FBBFF8555AE}.Release|Any CPU.ActiveCfg = Release|Any CPU
		{941B86A6-08EE-4821-8C2A-0FBBFF8555AE}.Release|Any CPU.Build.0 = Release|Any CPU
		{86842595-E7E1-4091-8F9B-FA3F4E926332}.Debug|Any CPU.ActiveCfg = Debug|Any CPU
		{86842595-E7E1-4091-8F9B-FA3F4E926332}.Debug|Any CPU.Build.0 = Debug|Any CPU
		{86842595-E7E1-4091-8F9B-FA3F4E926332}.Release|Any CPU.ActiveCfg = Release|Any CPU
		{86842595-E7E1-4091-8F9B-FA3F4E926332}.Release|Any CPU.Build.0 = Release|Any CPU
		{B084F5C1-CA9D-4062-B3A9-6207DA88A64A}.Debug|Any CPU.ActiveCfg = Debug|Any CPU
		{B084F5C1-CA9D-4062-B3A9-6207DA88A64A}.Debug|Any CPU.Build.0 = Debug|Any CPU
		{B084F5C1-CA9D-4062-B3A9-6207DA88A64A}.Release|Any CPU.ActiveCfg = Release|Any CPU
		{B084F5C1-CA9D-4062-B3A9-6207DA88A64A}.Release|Any CPU.Build.0 = Release|Any CPU
		{ECDA8F1D-1E9D-4F52-870E-9029ED7F3038}.Debug|Any CPU.ActiveCfg = Debug|Any CPU
		{ECDA8F1D-1E9D-4F52-870E-9029ED7F3038}.Debug|Any CPU.Build.0 = Debug|Any CPU
		{ECDA8F1D-1E9D-4F52-870E-9029ED7F3038}.Release|Any CPU.ActiveCfg = Release|Any CPU
		{ECDA8F1D-1E9D-4F52-870E-9029ED7F3038}.Release|Any CPU.Build.0 = Release|Any CPU
		{6D35C9BE-2F37-4575-81FF-0231FAF3D498}.Debug|Any CPU.ActiveCfg = Debug|Any CPU
		{6D35C9BE-2F37-4575-81FF-0231FAF3D498}.Debug|Any CPU.Build.0 = Debug|Any CPU
		{6D35C9BE-2F37-4575-81FF-0231FAF3D498}.Release|Any CPU.ActiveCfg = Release|Any CPU
		{6D35C9BE-2F37-4575-81FF-0231FAF3D498}.Release|Any CPU.Build.0 = Release|Any CPU
		{5C7677C1-05C8-43A2-A203-BF3C017968CE}.Debug|Any CPU.ActiveCfg = Debug|Any CPU
		{5C7677C1-05C8-43A2-A203-BF3C017968CE}.Debug|Any CPU.Build.0 = Debug|Any CPU
		{5C7677C1-05C8-43A2-A203-BF3C017968CE}.Release|Any CPU.ActiveCfg = Release|Any CPU
		{5C7677C1-05C8-43A2-A203-BF3C017968CE}.Release|Any CPU.Build.0 = Release|Any CPU
		{71D5B5C2-7D41-404A-B92D-5D15DF135D90}.Debug|Any CPU.ActiveCfg = Debug|Any CPU
		{71D5B5C2-7D41-404A-B92D-5D15DF135D90}.Debug|Any CPU.Build.0 = Debug|Any CPU
		{71D5B5C2-7D41-404A-B92D-5D15DF135D90}.Release|Any CPU.ActiveCfg = Release|Any CPU
		{71D5B5C2-7D41-404A-B92D-5D15DF135D90}.Release|Any CPU.Build.0 = Release|Any CPU
		{2E41E6F8-CCFD-4D53-B97A-F2B14355E4F3}.Debug|Any CPU.ActiveCfg = Debug|Any CPU
		{2E41E6F8-CCFD-4D53-B97A-F2B14355E4F3}.Debug|Any CPU.Build.0 = Debug|Any CPU
		{2E41E6F8-CCFD-4D53-B97A-F2B14355E4F3}.Release|Any CPU.ActiveCfg = Release|Any CPU
		{2E41E6F8-CCFD-4D53-B97A-F2B14355E4F3}.Release|Any CPU.Build.0 = Release|Any CPU
		{15967F15-7116-43F3-AA24-7AEA1BBED31D}.Debug|Any CPU.ActiveCfg = Debug|Any CPU
		{15967F15-7116-43F3-AA24-7AEA1BBED31D}.Debug|Any CPU.Build.0 = Debug|Any CPU
		{15967F15-7116-43F3-AA24-7AEA1BBED31D}.Release|Any CPU.ActiveCfg = Release|Any CPU
		{15967F15-7116-43F3-AA24-7AEA1BBED31D}.Release|Any CPU.Build.0 = Release|Any CPU
		{EF5C8C6A-48FE-4DB1-A87D-12BA2C3F742A}.Debug|Any CPU.ActiveCfg = Debug|Any CPU
		{EF5C8C6A-48FE-4DB1-A87D-12BA2C3F742A}.Debug|Any CPU.Build.0 = Debug|Any CPU
		{EF5C8C6A-48FE-4DB1-A87D-12BA2C3F742A}.Release|Any CPU.ActiveCfg = Release|Any CPU
		{EF5C8C6A-48FE-4DB1-A87D-12BA2C3F742A}.Release|Any CPU.Build.0 = Release|Any CPU
		{E814ED8E-D9EA-4165-B9E0-C317880F2B02}.Debug|Any CPU.ActiveCfg = Debug|Any CPU
		{E814ED8E-D9EA-4165-B9E0-C317880F2B02}.Debug|Any CPU.Build.0 = Debug|Any CPU
		{E814ED8E-D9EA-4165-B9E0-C317880F2B02}.Release|Any CPU.ActiveCfg = Release|Any CPU
		{E814ED8E-D9EA-4165-B9E0-C317880F2B02}.Release|Any CPU.Build.0 = Release|Any CPU
		{7634DB99-A576-4BCE-AE59-036AD2356693}.Debug|Any CPU.ActiveCfg = Debug|Any CPU
		{7634DB99-A576-4BCE-AE59-036AD2356693}.Debug|Any CPU.Build.0 = Debug|Any CPU
		{7634DB99-A576-4BCE-AE59-036AD2356693}.Release|Any CPU.ActiveCfg = Release|Any CPU
		{7634DB99-A576-4BCE-AE59-036AD2356693}.Release|Any CPU.Build.0 = Release|Any CPU
	EndGlobalSection
	GlobalSection(SolutionProperties) = preSolution
		HideSolutionNode = FALSE
	EndGlobalSection
	GlobalSection(NestedProjects) = preSolution
		{33AFBFD7-EE30-411E-870D-AFD424A1428C} = {C0D3338D-CA72-4244-A639-BC090CEA0D8B}
		{49A66A73-5A0F-4902-AFE2-F22CB1C90995} = {C0D3338D-CA72-4244-A639-BC090CEA0D8B}
		{202526D1-77E9-43BB-93E2-012967615043} = {C0D3338D-CA72-4244-A639-BC090CEA0D8B}
		{BEC8C9B5-48C7-4689-84EA-9670C1BC1F6D} = {C0D3338D-CA72-4244-A639-BC090CEA0D8B}
		{529A794B-E30E-47D7-A5D7-2A7255C27867} = {49A66A73-5A0F-4902-AFE2-F22CB1C90995}
		{F8ADA69C-6DE8-4590-B666-76E220AF3757} = {49A66A73-5A0F-4902-AFE2-F22CB1C90995}
		{5ABEE781-9F64-4E65-B870-8265A85AB329} = {49A66A73-5A0F-4902-AFE2-F22CB1C90995}
		{AC6A9CFE-8DBE-4F75-9364-055103751B38} = {49A66A73-5A0F-4902-AFE2-F22CB1C90995}
		{941B86A6-08EE-4821-8C2A-0FBBFF8555AE} = {202526D1-77E9-43BB-93E2-012967615043}
		{86842595-E7E1-4091-8F9B-FA3F4E926332} = {202526D1-77E9-43BB-93E2-012967615043}
		{B084F5C1-CA9D-4062-B3A9-6207DA88A64A} = {202526D1-77E9-43BB-93E2-012967615043}
		{ECDA8F1D-1E9D-4F52-870E-9029ED7F3038} = {202526D1-77E9-43BB-93E2-012967615043}
		{6D35C9BE-2F37-4575-81FF-0231FAF3D498} = {33AFBFD7-EE30-411E-870D-AFD424A1428C}
		{5C7677C1-05C8-43A2-A203-BF3C017968CE} = {33AFBFD7-EE30-411E-870D-AFD424A1428C}
		{71D5B5C2-7D41-404A-B92D-5D15DF135D90} = {33AFBFD7-EE30-411E-870D-AFD424A1428C}
		{2E41E6F8-CCFD-4D53-B97A-F2B14355E4F3} = {33AFBFD7-EE30-411E-870D-AFD424A1428C}
		{15967F15-7116-43F3-AA24-7AEA1BBED31D} = {BEC8C9B5-48C7-4689-84EA-9670C1BC1F6D}
		{EF5C8C6A-48FE-4DB1-A87D-12BA2C3F742A} = {BEC8C9B5-48C7-4689-84EA-9670C1BC1F6D}
		{E814ED8E-D9EA-4165-B9E0-C317880F2B02} = {BEC8C9B5-48C7-4689-84EA-9670C1BC1F6D}
		{7634DB99-A576-4BCE-AE59-036AD2356693} = {BEC8C9B5-48C7-4689-84EA-9670C1BC1F6D}
	EndGlobalSection
	GlobalSection(ExtensibilityGlobals) = postSolution
		SolutionGuid = {43381B93-C398-469F-A1EC-C3411108A904}
	EndGlobalSection
EndGlobal
